
Microsoft Visual Studio Solution File, Format Version 12.00
Project("{FAE04EC0-301F-11D3-BF4B-00C04F79EFBC}") = "CosmosOdyssey.App", "CosmosOdyssey.App\CosmosOdyssey.App.csproj", "{C0772C1E-3E8B-4DF6-AF1E-35D088B5A5E9}"
EndProject
Project("{FAE04EC0-301F-11D3-BF4B-00C04F79EFBC}") = "CosmosOdyssey.Domain", "CosmosOdyssey.Domain\CosmosOdyssey.Domain.csproj", "{FE69C4E5-ED59-4012-BE1D-53A6F75A1911}"
EndProject
Project("{FAE04EC0-301F-11D3-BF4B-00C04F79EFBC}") = "CosmosOdyssey.Data", "CosmosOdyssey.Data\CosmosOdyssey.Data.csproj", "{48FC3BA1-C2C9-4210-B7D9-C58061D3849E}"
EndProject
Project("{FAE04EC0-301F-11D3-BF4B-00C04F79EFBC}") = "CosmosOdyssey.Services", "CosmosOdyssey.Services\CosmosOdyssey.Services.csproj", "{46259BB0-A3D7-46B5-8E8A-0F73865E5F37}"
EndProject
Project("{FAE04EC0-301F-11D3-BF4B-00C04F79EFBC}") = "CosmosOdyssey.Services.Tests", "CosmosOdyssey.Services.Tests\CosmosOdyssey.Services.Tests.csproj", "{2429BA6D-32AD-44CF-93A2-44676D133C00}"
EndProject
Project("{FAE04EC0-301F-11D3-BF4B-00C04F79EFBC}") = "CosmosOdyssey.Domain.Tests", "CosmosOdyssey.Domain.Tests\CosmosOdyssey.Domain.Tests.csproj", "{EC9DAFCA-0B1E-4237-96D3-D970DBD2A737}"
EndProject
Project("{FAE04EC0-301F-11D3-BF4B-00C04F79EFBC}") = "CosmosOdyssey.Data.Tests", "CosmosOdyssey.Data.Tests\CosmosOdyssey.Data.Tests.csproj", "{028D2CFE-9115-4402-94F4-A9B0D600CA51}"
EndProject
Project("{FAE04EC0-301F-11D3-BF4B-00C04F79EFBC}") = "CosmosOdyssey.App.Tests", "CosmosOdyssey.App.Tests\CosmosOdyssey.App.Tests.csproj", "{3C2DCCF1-6594-4885-BFCF-692B399DCC43}"
EndProject
Global
	GlobalSection(SolutionConfigurationPlatforms) = preSolution
		Debug|Any CPU = Debug|Any CPU
		Release|Any CPU = Release|Any CPU
	EndGlobalSection
	GlobalSection(ProjectConfigurationPlatforms) = postSolution
		{C0772C1E-3E8B-4DF6-AF1E-35D088B5A5E9}.Debug|Any CPU.ActiveCfg = Debug|Any CPU
		{C0772C1E-3E8B-4DF6-AF1E-35D088B5A5E9}.Debug|Any CPU.Build.0 = Debug|Any CPU
		{C0772C1E-3E8B-4DF6-AF1E-35D088B5A5E9}.Release|Any CPU.ActiveCfg = Release|Any CPU
		{C0772C1E-3E8B-4DF6-AF1E-35D088B5A5E9}.Release|Any CPU.Build.0 = Release|Any CPU
		{FE69C4E5-ED59-4012-BE1D-53A6F75A1911}.Debug|Any CPU.ActiveCfg = Debug|Any CPU
		{FE69C4E5-ED59-4012-BE1D-53A6F75A1911}.Debug|Any CPU.Build.0 = Debug|Any CPU
		{FE69C4E5-ED59-4012-BE1D-53A6F75A1911}.Release|Any CPU.ActiveCfg = Release|Any CPU
		{FE69C4E5-ED59-4012-BE1D-53A6F75A1911}.Release|Any CPU.Build.0 = Release|Any CPU
		{48FC3BA1-C2C9-4210-B7D9-C58061D3849E}.Debug|Any CPU.ActiveCfg = Debug|Any CPU
		{48FC3BA1-C2C9-4210-B7D9-C58061D3849E}.Debug|Any CPU.Build.0 = Debug|Any CPU
		{48FC3BA1-C2C9-4210-B7D9-C58061D3849E}.Release|Any CPU.ActiveCfg = Release|Any CPU
		{48FC3BA1-C2C9-4210-B7D9-C58061D3849E}.Release|Any CPU.Build.0 = Release|Any CPU
		{46259BB0-A3D7-46B5-8E8A-0F73865E5F37}.Debug|Any CPU.ActiveCfg = Debug|Any CPU
		{46259BB0-A3D7-46B5-8E8A-0F73865E5F37}.Debug|Any CPU.Build.0 = Debug|Any CPU
		{46259BB0-A3D7-46B5-8E8A-0F73865E5F37}.Release|Any CPU.ActiveCfg = Release|Any CPU
		{46259BB0-A3D7-46B5-8E8A-0F73865E5F37}.Release|Any CPU.Build.0 = Release|Any CPU
		{2429BA6D-32AD-44CF-93A2-44676D133C00}.Debug|Any CPU.ActiveCfg = Debug|Any CPU
		{2429BA6D-32AD-44CF-93A2-44676D133C00}.Debug|Any CPU.Build.0 = Debug|Any CPU
		{2429BA6D-32AD-44CF-93A2-44676D133C00}.Release|Any CPU.ActiveCfg = Release|Any CPU
		{2429BA6D-32AD-44CF-93A2-44676D133C00}.Release|Any CPU.Build.0 = Release|Any CPU
		{EC9DAFCA-0B1E-4237-96D3-D970DBD2A737}.Debug|Any CPU.ActiveCfg = Debug|Any CPU
		{EC9DAFCA-0B1E-4237-96D3-D970DBD2A737}.Debug|Any CPU.Build.0 = Debug|Any CPU
		{EC9DAFCA-0B1E-4237-96D3-D970DBD2A737}.Release|Any CPU.ActiveCfg = Release|Any CPU
		{EC9DAFCA-0B1E-4237-96D3-D970DBD2A737}.Release|Any CPU.Build.0 = Release|Any CPU
		{028D2CFE-9115-4402-94F4-A9B0D600CA51}.Debug|Any CPU.ActiveCfg = Debug|Any CPU
		{028D2CFE-9115-4402-94F4-A9B0D600CA51}.Debug|Any CPU.Build.0 = Debug|Any CPU
		{028D2CFE-9115-4402-94F4-A9B0D600CA51}.Release|Any CPU.ActiveCfg = Release|Any CPU
		{028D2CFE-9115-4402-94F4-A9B0D600CA51}.Release|Any CPU.Build.0 = Release|Any CPU
		{3C2DCCF1-6594-4885-BFCF-692B399DCC43}.Debug|Any CPU.ActiveCfg = Debug|Any CPU
		{3C2DCCF1-6594-4885-BFCF-692B399DCC43}.Debug|Any CPU.Build.0 = Debug|Any CPU
		{3C2DCCF1-6594-4885-BFCF-692B399DCC43}.Release|Any CPU.ActiveCfg = Release|Any CPU
		{3C2DCCF1-6594-4885-BFCF-692B399DCC43}.Release|Any CPU.Build.0 = Release|Any CPU
	EndGlobalSection
EndGlobal
